
Microsoft Visual Studio Solution File, Format Version 12.00
# Visual Studio 14
VisualStudioVersion = 14.0.25420.1
MinimumVisualStudioVersion = 10.0.40219.1
Project("{2150E333-8FDC-42A3-9474-1A3956D46DE8}") = "src", "src", "{FF367D93-B585-45E5-B4D2-DB0A9813D0CA}"
EndProject
Project("{2150E333-8FDC-42A3-9474-1A3956D46DE8}") = "Solution Items", "Solution Items", "{9E676AE9-671F-4895-A821-656BB4880780}"
	ProjectSection(SolutionItems) = preProject
		global.json = global.json
	EndProjectSection
EndProject
Project("{8BB2217D-0F2D-49D1-97BC-3654ED321F3B}") = "DriversApp", "src\DriversApp\DriversApp.xproj", "{F2D707F2-166C-4C2C-A3F2-99130F35573B}"
EndProject
Global
	GlobalSection(SolutionConfigurationPlatforms) = preSolution
		Debug|Any CPU = Debug|Any CPU
		Release|Any CPU = Release|Any CPU
	EndGlobalSection
	GlobalSection(ProjectConfigurationPlatforms) = postSolution
		{F2D707F2-166C-4C2C-A3F2-99130F35573B}.Debug|Any CPU.ActiveCfg = Debug|Any CPU
		{F2D707F2-166C-4C2C-A3F2-99130F35573B}.Debug|Any CPU.Build.0 = Debug|Any CPU
		{F2D707F2-166C-4C2C-A3F2-99130F35573B}.Release|Any CPU.ActiveCfg = Release|Any CPU
		{F2D707F2-166C-4C2C-A3F2-99130F35573B}.Release|Any CPU.Build.0 = Release|Any CPU
	EndGlobalSection
	GlobalSection(SolutionProperties) = preSolution
		HideSolutionNode = FALSE
	EndGlobalSection
	GlobalSection(NestedProjects) = preSolution
		{F2D707F2-166C-4C2C-A3F2-99130F35573B} = {FF367D93-B585-45E5-B4D2-DB0A9813D0CA}
	EndGlobalSection
EndGlobal
